// !$*UTF8*$!
{
	archiveVersion = 1;
	classes = {
	};
	objectVersion = 48;
	objects = {

/* Begin PBXBuildFile section */
		459687AC201223B7003A2294 /* AppDelegate.swift in Sources */ = {isa = PBXBuildFile; fileRef = 459687AB201223B7003A2294 /* AppDelegate.swift */; };
		459687AE201223B7003A2294 /* ViewController.swift in Sources */ = {isa = PBXBuildFile; fileRef = 459687AD201223B7003A2294 /* ViewController.swift */; };
		459687B1201223B7003A2294 /* Main.storyboard in Resources */ = {isa = PBXBuildFile; fileRef = 459687AF201223B7003A2294 /* Main.storyboard */; };
		459687B3201223B7003A2294 /* Assets.xcassets in Resources */ = {isa = PBXBuildFile; fileRef = 459687B2201223B7003A2294 /* Assets.xcassets */; };
		459687B6201223B7003A2294 /* LaunchScreen.storyboard in Resources */ = {isa = PBXBuildFile; fileRef = 459687B4201223B7003A2294 /* LaunchScreen.storyboard */; };
		459687C1201223B7003A2294 /* Ho_greEllerLa_greTests.swift in Sources */ = {isa = PBXBuildFile; fileRef = 459687C0201223B7003A2294 /* Ho_greEllerLa_greTests.swift */; };
		459687CF201757E6003A2294 /* Card.swift in Sources */ = {isa = PBXBuildFile; fileRef = 459687CE201757E6003A2294 /* Card.swift */; };
/* End PBXBuildFile section */

/* Begin PBXContainerItemProxy section */
		459687BD201223B7003A2294 /* PBXContainerItemProxy */ = {
			isa = PBXContainerItemProxy;
			containerPortal = 459687A0201223B7003A2294 /* Project object */;
			proxyType = 1;
			remoteGlobalIDString = 459687A7201223B7003A2294;
			remoteInfo = "HögreEllerLägre";
		};
/* End PBXContainerItemProxy section */

/* Begin PBXFileReference section */
		459687A8201223B7003A2294 /* HögreEllerLägre.app */ = {isa = PBXFileReference; explicitFileType = wrapper.application; includeInIndex = 0; path = "HögreEllerLägre.app"; sourceTree = BUILT_PRODUCTS_DIR; };
		459687AB201223B7003A2294 /* AppDelegate.swift */ = {isa = PBXFileReference; lastKnownFileType = sourcecode.swift; path = AppDelegate.swift; sourceTree = "<group>"; };
		459687AD201223B7003A2294 /* ViewController.swift */ = {isa = PBXFileReference; lastKnownFileType = sourcecode.swift; path = ViewController.swift; sourceTree = "<group>"; };
		459687B0201223B7003A2294 /* Base */ = {isa = PBXFileReference; lastKnownFileType = file.storyboard; name = Base; path = Base.lproj/Main.storyboard; sourceTree = "<group>"; };
		459687B2201223B7003A2294 /* Assets.xcassets */ = {isa = PBXFileReference; lastKnownFileType = folder.assetcatalog; path = Assets.xcassets; sourceTree = "<group>"; };
		459687B5201223B7003A2294 /* Base */ = {isa = PBXFileReference; lastKnownFileType = file.storyboard; name = Base; path = Base.lproj/LaunchScreen.storyboard; sourceTree = "<group>"; };
		459687B7201223B7003A2294 /* Info.plist */ = {isa = PBXFileReference; lastKnownFileType = text.plist.xml; path = Info.plist; sourceTree = "<group>"; };
		459687BC201223B7003A2294 /* HögreEllerLägreTests.xctest */ = {isa = PBXFileReference; explicitFileType = wrapper.cfbundle; includeInIndex = 0; path = "HögreEllerLägreTests.xctest"; sourceTree = BUILT_PRODUCTS_DIR; };
		459687C0201223B7003A2294 /* Ho_greEllerLa_greTests.swift */ = {isa = PBXFileReference; lastKnownFileType = sourcecode.swift; path = Ho_greEllerLa_greTests.swift; sourceTree = "<group>"; };
		459687C2201223B7003A2294 /* Info.plist */ = {isa = PBXFileReference; lastKnownFileType = text.plist.xml; path = Info.plist; sourceTree = "<group>"; };
		459687CE201757E6003A2294 /* Card.swift */ = {isa = PBXFileReference; lastKnownFileType = sourcecode.swift; path = Card.swift; sourceTree = "<group>"; };
/* End PBXFileReference section */

/* Begin PBXFrameworksBuildPhase section */
		459687A5201223B7003A2294 /* Frameworks */ = {
			isa = PBXFrameworksBuildPhase;
			buildActionMask = 2147483647;
			files = (
			);
			runOnlyForDeploymentPostprocessing = 0;
		};
		459687B9201223B7003A2294 /* Frameworks */ = {
			isa = PBXFrameworksBuildPhase;
			buildActionMask = 2147483647;
			files = (
			);
			runOnlyForDeploymentPostprocessing = 0;
		};
/* End PBXFrameworksBuildPhase section */

/* Begin PBXGroup section */
		4596879F201223B7003A2294 = {
			isa = PBXGroup;
			children = (
				459687AA201223B7003A2294 /* HögreEllerLägre */,
				459687BF201223B7003A2294 /* HögreEllerLägreTests */,
				459687A9201223B7003A2294 /* Products */,
			);
			sourceTree = "<group>";
		};
		459687A9201223B7003A2294 /* Products */ = {
			isa = PBXGroup;
			children = (
				459687A8201223B7003A2294 /* HögreEllerLägre.app */,
				459687BC201223B7003A2294 /* HögreEllerLägreTests.xctest */,
			);
			name = Products;
			sourceTree = "<group>";
		};
		459687AA201223B7003A2294 /* HögreEllerLägre */ = {
			isa = PBXGroup;
			children = (
				459687CD20151B8D003A2294 /* Model */,
				459687CB20151B52003A2294 /* Controller */,
				459687CC20151B6E003A2294 /* View */,
				459687B4201223B7003A2294 /* LaunchScreen.storyboard */,
				459687B7201223B7003A2294 /* Info.plist */,
			);
			path = "HögreEllerLägre";
			sourceTree = "<group>";
		};
		459687BF201223B7003A2294 /* HögreEllerLägreTests */ = {
			isa = PBXGroup;
			children = (
				459687C0201223B7003A2294 /* Ho_greEllerLa_greTests.swift */,
				459687C2201223B7003A2294 /* Info.plist */,
			);
			path = "HögreEllerLägreTests";
			sourceTree = "<group>";
		};
		459687CB20151B52003A2294 /* Controller */ = {
			isa = PBXGroup;
			children = (
				459687AB201223B7003A2294 /* AppDelegate.swift */,
				459687AD201223B7003A2294 /* ViewController.swift */,
			);
			path = Controller;
			sourceTree = "<group>";
		};
		459687CC20151B6E003A2294 /* View */ = {
			isa = PBXGroup;
			children = (
				459687AF201223B7003A2294 /* Main.storyboard */,
				459687B2201223B7003A2294 /* Assets.xcassets */,
			);
			path = View;
			sourceTree = "<group>";
		};
		459687CD20151B8D003A2294 /* Model */ = {
			isa = PBXGroup;
			children = (
				459687CE201757E6003A2294 /* Card.swift */,
			);
			path = Model;
			sourceTree = "<group>";
		};
/* End PBXGroup section */

/* Begin PBXNativeTarget section */
		459687A7201223B7003A2294 /* HögreEllerLägre */ = {
			isa = PBXNativeTarget;
			buildConfigurationList = 459687C5201223B7003A2294 /* Build configuration list for PBXNativeTarget "HögreEllerLägre" */;
			buildPhases = (
				459687A4201223B7003A2294 /* Sources */,
				459687A5201223B7003A2294 /* Frameworks */,
				459687A6201223B7003A2294 /* Resources */,
			);
			buildRules = (
			);
			dependencies = (
			);
			name = "HögreEllerLägre";
			productName = "HögreEllerLägre";
			productReference = 459687A8201223B7003A2294 /* HögreEllerLägre.app */;
			productType = "com.apple.product-type.application";
		};
		459687BB201223B7003A2294 /* HögreEllerLägreTests */ = {
			isa = PBXNativeTarget;
			buildConfigurationList = 459687C8201223B7003A2294 /* Build configuration list for PBXNativeTarget "HögreEllerLägreTests" */;
			buildPhases = (
				459687B8201223B7003A2294 /* Sources */,
				459687B9201223B7003A2294 /* Frameworks */,
				459687BA201223B7003A2294 /* Resources */,
			);
			buildRules = (
			);
			dependencies = (
				459687BE201223B7003A2294 /* PBXTargetDependency */,
			);
			name = "HögreEllerLägreTests";
			productName = "HögreEllerLägreTests";
			productReference = 459687BC201223B7003A2294 /* HögreEllerLägreTests.xctest */;
			productType = "com.apple.product-type.bundle.unit-test";
		};
/* End PBXNativeTarget section */

/* Begin PBXProject section */
		459687A0201223B7003A2294 /* Project object */ = {
			isa = PBXProject;
			attributes = {
				LastSwiftUpdateCheck = 0920;
				LastUpgradeCheck = 0920;
				ORGANIZATIONNAME = "Matilda Dahlberg";
				TargetAttributes = {
					459687A7201223B7003A2294 = {
						CreatedOnToolsVersion = 9.2;
						ProvisioningStyle = Automatic;
					};
					459687BB201223B7003A2294 = {
						CreatedOnToolsVersion = 9.2;
						ProvisioningStyle = Automatic;
						TestTargetID = 459687A7201223B7003A2294;
					};
				};
			};
			buildConfigurationList = 459687A3201223B7003A2294 /* Build configuration list for PBXProject "HögreEllerLägre" */;
			compatibilityVersion = "Xcode 8.0";
			developmentRegion = en;
			hasScannedForEncodings = 0;
			knownRegions = (
				en,
				Base,
			);
			mainGroup = 4596879F201223B7003A2294;
			productRefGroup = 459687A9201223B7003A2294 /* Products */;
			projectDirPath = "";
			projectRoot = "";
			targets = (
				459687A7201223B7003A2294 /* HögreEllerLägre */,
				459687BB201223B7003A2294 /* HögreEllerLägreTests */,
			);
		};
/* End PBXProject section */

/* Begin PBXResourcesBuildPhase section */
		459687A6201223B7003A2294 /* Resources */ = {
			isa = PBXResourcesBuildPhase;
			buildActionMask = 2147483647;
			files = (
				459687B6201223B7003A2294 /* LaunchScreen.storyboard in Resources */,
				459687B3201223B7003A2294 /* Assets.xcassets in Resources */,
				459687B1201223B7003A2294 /* Main.storyboard in Resources */,
			);
			runOnlyForDeploymentPostprocessing = 0;
		};
		459687BA201223B7003A2294 /* Resources */ = {
			isa = PBXResourcesBuildPhase;
			buildActionMask = 2147483647;
			files = (
			);
			runOnlyForDeploymentPostprocessing = 0;
		};
/* End PBXResourcesBuildPhase section */

/* Begin PBXSourcesBuildPhase section */
		459687A4201223B7003A2294 /* Sources */ = {
			isa = PBXSourcesBuildPhase;
			buildActionMask = 2147483647;
			files = (
				459687AE201223B7003A2294 /* ViewController.swift in Sources */,
				459687CF201757E6003A2294 /* Card.swift in Sources */,
				459687AC201223B7003A2294 /* AppDelegate.swift in Sources */,
			);
			runOnlyForDeploymentPostprocessing = 0;
		};
		459687B8201223B7003A2294 /* Sources */ = {
			isa = PBXSourcesBuildPhase;
			buildActionMask = 2147483647;
			files = (
				459687C1201223B7003A2294 /* Ho_greEllerLa_greTests.swift in Sources */,
			);
			runOnlyForDeploymentPostprocessing = 0;
		};
/* End PBXSourcesBuildPhase section */

/* Begin PBXTargetDependency section */
		459687BE201223B7003A2294 /* PBXTargetDependency */ = {
			isa = PBXTargetDependency;
			target = 459687A7201223B7003A2294 /* HögreEllerLägre */;
			targetProxy = 459687BD201223B7003A2294 /* PBXContainerItemProxy */;
		};
/* End PBXTargetDependency section */

/* Begin PBXVariantGroup section */
		459687AF201223B7003A2294 /* Main.storyboard */ = {
			isa = PBXVariantGroup;
			children = (
				459687B0201223B7003A2294 /* Base */,
			);
			name = Main.storyboard;
			sourceTree = "<group>";
		};
		459687B4201223B7003A2294 /* LaunchScreen.storyboard */ = {
			isa = PBXVariantGroup;
			children = (
				459687B5201223B7003A2294 /* Base */,
			);
			name = LaunchScreen.storyboard;
			sourceTree = "<group>";
		};
/* End PBXVariantGroup section */

/* Begin XCBuildConfiguration section */
		459687C3201223B7003A2294 /* Debug */ = {
			isa = XCBuildConfiguration;
			buildSettings = {
				ALWAYS_SEARCH_USER_PATHS = NO;
				CLANG_ANALYZER_NONNULL = YES;
				CLANG_ANALYZER_NUMBER_OBJECT_CONVERSION = YES_AGGRESSIVE;
				CLANG_CXX_LANGUAGE_STANDARD = "gnu++14";
				CLANG_CXX_LIBRARY = "libc++";
				CLANG_ENABLE_MODULES = YES;
				CLANG_ENABLE_OBJC_ARC = YES;
				CLANG_WARN_BLOCK_CAPTURE_AUTORELEASING = YES;
				CLANG_WARN_BOOL_CONVERSION = YES;
				CLANG_WARN_COMMA = YES;
				CLANG_WARN_CONSTANT_CONVERSION = YES;
				CLANG_WARN_DIRECT_OBJC_ISA_USAGE = YES_ERROR;
				CLANG_WARN_DOCUMENTATION_COMMENTS = YES;
				CLANG_WARN_EMPTY_BODY = YES;
				CLANG_WARN_ENUM_CONVERSION = YES;
				CLANG_WARN_INFINITE_RECURSION = YES;
				CLANG_WARN_INT_CONVERSION = YES;
				CLANG_WARN_NON_LITERAL_NULL_CONVERSION = YES;
				CLANG_WARN_OBJC_LITERAL_CONVERSION = YES;
				CLANG_WARN_OBJC_ROOT_CLASS = YES_ERROR;
				CLANG_WARN_RANGE_LOOP_ANALYSIS = YES;
				CLANG_WARN_STRICT_PROTOTYPES = YES;
				CLANG_WARN_SUSPICIOUS_MOVE = YES;
				CLANG_WARN_UNGUARDED_AVAILABILITY = YES_AGGRESSIVE;
				CLANG_WARN_UNREACHABLE_CODE = YES;
				CLANG_WARN__DUPLICATE_METHOD_MATCH = YES;
				CODE_SIGN_IDENTITY = "iPhone Developer";
				COPY_PHASE_STRIP = NO;
				DEBUG_INFORMATION_FORMAT = dwarf;
				ENABLE_STRICT_OBJC_MSGSEND = YES;
				ENABLE_TESTABILITY = YES;
				GCC_C_LANGUAGE_STANDARD = gnu11;
				GCC_DYNAMIC_NO_PIC = NO;
				GCC_NO_COMMON_BLOCKS = YES;
				GCC_OPTIMIZATION_LEVEL = 0;
				GCC_PREPROCESSOR_DEFINITIONS = (
					"DEBUG=1",
					"$(inherited)",
				);
				GCC_WARN_64_TO_32_BIT_CONVERSION = YES;
				GCC_WARN_ABOUT_RETURN_TYPE = YES_ERROR;
				GCC_WARN_UNDECLARED_SELECTOR = YES;
				GCC_WARN_UNINITIALIZED_AUTOS = YES_AGGRESSIVE;
				GCC_WARN_UNUSED_FUNCTION = YES;
				GCC_WARN_UNUSED_VARIABLE = YES;
				IPHONEOS_DEPLOYMENT_TARGET = 11.2;
				MTL_ENABLE_DEBUG_INFO = YES;
				ONLY_ACTIVE_ARCH = YES;
				SDKROOT = iphoneos;
				SWIFT_ACTIVE_COMPILATION_CONDITIONS = DEBUG;
				SWIFT_OPTIMIZATION_LEVEL = "-Onone";
			};
			name = Debug;
		};
		459687C4201223B7003A2294 /* Release */ = {
			isa = XCBuildConfiguration;
			buildSettings = {
				ALWAYS_SEARCH_USER_PATHS = NO;
				CLANG_ANALYZER_NONNULL = YES;
				CLANG_ANALYZER_NUMBER_OBJECT_CONVERSION = YES_AGGRESSIVE;
				CLANG_CXX_LANGUAGE_STANDARD = "gnu++14";
				CLANG_CXX_LIBRARY = "libc++";
				CLANG_ENABLE_MODULES = YES;
				CLANG_ENABLE_OBJC_ARC = YES;
				CLANG_WARN_BLOCK_CAPTURE_AUTORELEASING = YES;
				CLANG_WARN_BOOL_CONVERSION = YES;
				CLANG_WARN_COMMA = YES;
				CLANG_WARN_CONSTANT_CONVERSION = YES;
				CLANG_WARN_DIRECT_OBJC_ISA_USAGE = YES_ERROR;
				CLANG_WARN_DOCUMENTATION_COMMENTS = YES;
				CLANG_WARN_EMPTY_BODY = YES;
				CLANG_WARN_ENUM_CONVERSION = YES;
				CLANG_WARN_INFINITE_RECURSION = YES;
				CLANG_WARN_INT_CONVERSION = YES;
				CLANG_WARN_NON_LITERAL_NULL_CONVERSION = YES;
				CLANG_WARN_OBJC_LITERAL_CONVERSION = YES;
				CLANG_WARN_OBJC_ROOT_CLASS = YES_ERROR;
				CLANG_WARN_RANGE_LOOP_ANALYSIS = YES;
				CLANG_WARN_STRICT_PROTOTYPES = YES;
				CLANG_WARN_SUSPICIOUS_MOVE = YES;
				CLANG_WARN_UNGUARDED_AVAILABILITY = YES_AGGRESSIVE;
				CLANG_WARN_UNREACHABLE_CODE = YES;
				CLANG_WARN__DUPLICATE_METHOD_MATCH = YES;
				CODE_SIGN_IDENTITY = "iPhone Developer";
				COPY_PHASE_STRIP = NO;
				DEBUG_INFORMATION_FORMAT = "dwarf-with-dsym";
				ENABLE_NS_ASSERTIONS = NO;
				ENABLE_STRICT_OBJC_MSGSEND = YES;
				GCC_C_LANGUAGE_STANDARD = gnu11;
				GCC_NO_COMMON_BLOCKS = YES;
				GCC_WARN_64_TO_32_BIT_CONVERSION = YES;
				GCC_WARN_ABOUT_RETURN_TYPE = YES_ERROR;
				GCC_WARN_UNDECLARED_SELECTOR = YES;
				GCC_WARN_UNINITIALIZED_AUTOS = YES_AGGRESSIVE;
				GCC_WARN_UNUSED_FUNCTION = YES;
				GCC_WARN_UNUSED_VARIABLE = YES;
				IPHONEOS_DEPLOYMENT_TARGET = 11.2;
				MTL_ENABLE_DEBUG_INFO = NO;
				SDKROOT = iphoneos;
				SWIFT_OPTIMIZATION_LEVEL = "-Owholemodule";
				VALIDATE_PRODUCT = YES;
			};
			name = Release;
		};
		459687C6201223B7003A2294 /* Debug */ = {
			isa = XCBuildConfiguration;
			buildSettings = {
				ASSETCATALOG_COMPILER_APPICON_NAME = AppIcon;
				CODE_SIGN_STYLE = Automatic;
				DEVELOPMENT_TEAM = A683995444;
				INFOPLIST_FILE = "HögreEllerLägre/Info.plist";
				LD_RUNPATH_SEARCH_PATHS = "$(inherited) @executable_path/Frameworks";
				PRODUCT_BUNDLE_IDENTIFIER = "com.matildadahlberg.Ho-greEllerLa-gre";
				PRODUCT_NAME = "$(TARGET_NAME)";
				SWIFT_VERSION = 4.0;
				TARGETED_DEVICE_FAMILY = "1,2";
			};
			name = Debug;
		};
		459687C7201223B7003A2294 /* Release */ = {
			isa = XCBuildConfiguration;
			buildSettings = {
				ASSETCATALOG_COMPILER_APPICON_NAME = AppIcon;
				CODE_SIGN_STYLE = Automatic;
				DEVELOPMENT_TEAM = A683995444;
				INFOPLIST_FILE = "HögreEllerLägre/Info.plist";
				LD_RUNPATH_SEARCH_PATHS = "$(inherited) @executable_path/Frameworks";
				PRODUCT_BUNDLE_IDENTIFIER = "com.matildadahlberg.Ho-greEllerLa-gre";
				PRODUCT_NAME = "$(TARGET_NAME)";
				SWIFT_VERSION = 4.0;
				TARGETED_DEVICE_FAMILY = "1,2";
			};
			name = Release;
		};
		459687C9201223B7003A2294 /* Debug */ = {
			isa = XCBuildConfiguration;
			buildSettings = {
				ALWAYS_EMBED_SWIFT_STANDARD_LIBRARIES = YES;
				BUNDLE_LOADER = "$(TEST_HOST)";
				CODE_SIGN_STYLE = Automatic;
				INFOPLIST_FILE = "HögreEllerLägreTests/Info.plist";
				LD_RUNPATH_SEARCH_PATHS = "$(inherited) @executable_path/Frameworks @loader_path/Frameworks";
				PRODUCT_BUNDLE_IDENTIFIER = "com.matildadahlberg.Ho-greEllerLa-greTests";
				PRODUCT_NAME = "$(TARGET_NAME)";
				SWIFT_VERSION = 4.0;
				TARGETED_DEVICE_FAMILY = "1,2";
				TEST_HOST = "$(BUILT_PRODUCTS_DIR)/HögreEllerLägre.app/HögreEllerLägre";
			};
			name = Debug;
		};
		459687CA201223B7003A2294 /* Release */ = {
			isa = XCBuildConfiguration;
			buildSettings = {
				ALWAYS_EMBED_SWIFT_STANDARD_LIBRARIES = YES;
				BUNDLE_LOADER = "$(TEST_HOST)";
				CODE_SIGN_STYLE = Automatic;
				INFOPLIST_FILE = "HögreEllerLägreTests/Info.plist";
				LD_RUNPATH_SEARCH_PATHS = "$(inherited) @executable_path/Frameworks @loader_path/Frameworks";
				PRODUCT_BUNDLE_IDENTIFIER = "com.matildadahlberg.Ho-greEllerLa-greTests";
				PRODUCT_NAME = "$(TARGET_NAME)";
				SWIFT_VERSION = 4.0;
				TARGETED_DEVICE_FAMILY = "1,2";
				TEST_HOST = "$(BUILT_PRODUCTS_DIR)/HögreEllerLägre.app/HögreEllerLägre";
			};
			name = Release;
		};
/* End XCBuildConfiguration section */

/* Begin XCConfigurationList section */
		459687A3201223B7003A2294 /* Build configuration list for PBXProject "HögreEllerLägre" */ = {
			isa = XCConfigurationList;
			buildConfigurations = (
				459687C3201223B7003A2294 /* Debug */,
				459687C4201223B7003A2294 /* Release */,
			);
			defaultConfigurationIsVisible = 0;
			defaultConfigurationName = Release;
		};
		459687C5201223B7003A2294 /* Build configuration list for PBXNativeTarget "HögreEllerLägre" */ = {
			isa = XCConfigurationList;
			buildConfigurations = (
				459687C6201223B7003A2294 /* Debug */,
				459687C7201223B7003A2294 /* Release */,
			);
			defaultConfigurationIsVisible = 0;
			defaultConfigurationName = Release;
		};
		459687C8201223B7003A2294 /* Build configuration list for PBXNativeTarget "HögreEllerLägreTests" */ = {
			isa = XCConfigurationList;
			buildConfigurations = (
				459687C9201223B7003A2294 /* Debug */,
				459687CA201223B7003A2294 /* Release */,
			);
			defaultConfigurationIsVisible = 0;
			defaultConfigurationName = Release;
		};
/* End XCConfigurationList section */
	};
	rootObject = 459687A0201223B7003A2294 /* Project object */;
}
